// !$*UTF8*$!
{
	archiveVersion = 1;
	classes = {
	};
	objectVersion = 48;
	objects = {

/* Begin PBXBuildFile section */
		1F5BBD0B1FA0ABE100328960 /* AppDelegate.swift in Sources */ = {isa = PBXBuildFile; fileRef = 1F5BBD0A1FA0ABE100328960 /* AppDelegate.swift */; };
		1F5BBD0D1FA0ABE100328960 /* ViewController.swift in Sources */ = {isa = PBXBuildFile; fileRef = 1F5BBD0C1FA0ABE100328960 /* ViewController.swift */; };
		1F5BBD201FA0ABE100328960 /* iOSUtilsTests.swift in Sources */ = {isa = PBXBuildFile; fileRef = 1F5BBD1F1FA0ABE100328960 /* iOSUtilsTests.swift */; };
		1F5BBD2B1FA0ABE100328960 /* iOSUtilsUITests.swift in Sources */ = {isa = PBXBuildFile; fileRef = 1F5BBD2A1FA0ABE100328960 /* iOSUtilsUITests.swift */; };
		1F6F4F271FA1D8BD0089FC00 /* ViewController.swift in Sources */ = {isa = PBXBuildFile; fileRef = 1F6F4F201FA1D8BD0089FC00 /* ViewController.swift */; };
		1F6F4F281FA1D8BD0089FC00 /* Functions.swift in Sources */ = {isa = PBXBuildFile; fileRef = 1F6F4F211FA1D8BD0089FC00 /* Functions.swift */; };
		1F6F4F2A1FA1D8BD0089FC00 /* ColorUtils.swift in Sources */ = {isa = PBXBuildFile; fileRef = 1F6F4F241FA1D8BD0089FC00 /* ColorUtils.swift */; };
		1F6F4F2B1FA1D8BD0089FC00 /* Fetcher.swift in Sources */ = {isa = PBXBuildFile; fileRef = 1F6F4F251FA1D8BD0089FC00 /* Fetcher.swift */; };
		1F6F4F2C1FA1D8BD0089FC00 /* AppDelegate.swift in Sources */ = {isa = PBXBuildFile; fileRef = 1F6F4F261FA1D8BD0089FC00 /* AppDelegate.swift */; };
/* End PBXBuildFile section */

/* Begin PBXContainerItemProxy section */
		1F5BBD1C1FA0ABE100328960 /* PBXContainerItemProxy */ = {
			isa = PBXContainerItemProxy;
			containerPortal = 1F5BBCFF1FA0ABE100328960 /* Project object */;
			proxyType = 1;
			remoteGlobalIDString = 1F5BBD061FA0ABE100328960;
			remoteInfo = iOSUtils;
		};
		1F5BBD271FA0ABE100328960 /* PBXContainerItemProxy */ = {
			isa = PBXContainerItemProxy;
			containerPortal = 1F5BBCFF1FA0ABE100328960 /* Project object */;
			proxyType = 1;
			remoteGlobalIDString = 1F5BBD061FA0ABE100328960;
			remoteInfo = iOSUtils;
		};
/* End PBXContainerItemProxy section */

/* Begin PBXFileReference section */
		1F5BBD071FA0ABE100328960 /* iOSUtils.app */ = {isa = PBXFileReference; explicitFileType = wrapper.application; includeInIndex = 0; path = iOSUtils.app; sourceTree = BUILT_PRODUCTS_DIR; };
		1F5BBD0A1FA0ABE100328960 /* AppDelegate.swift */ = {isa = PBXFileReference; lastKnownFileType = sourcecode.swift; path = AppDelegate.swift; sourceTree = "<group>"; };
		1F5BBD0C1FA0ABE100328960 /* ViewController.swift */ = {isa = PBXFileReference; lastKnownFileType = sourcecode.swift; path = ViewController.swift; sourceTree = "<group>"; };
		1F5BBD161FA0ABE100328960 /* Info.plist */ = {isa = PBXFileReference; lastKnownFileType = text.plist.xml; path = Info.plist; sourceTree = "<group>"; };
		1F5BBD1B1FA0ABE100328960 /* iOSUtilsTests.xctest */ = {isa = PBXFileReference; explicitFileType = wrapper.cfbundle; includeInIndex = 0; path = iOSUtilsTests.xctest; sourceTree = BUILT_PRODUCTS_DIR; };
		1F5BBD1F1FA0ABE100328960 /* iOSUtilsTests.swift */ = {isa = PBXFileReference; lastKnownFileType = sourcecode.swift; path = iOSUtilsTests.swift; sourceTree = "<group>"; };
		1F5BBD211FA0ABE100328960 /* Info.plist */ = {isa = PBXFileReference; lastKnownFileType = text.plist.xml; path = Info.plist; sourceTree = "<group>"; };
		1F5BBD261FA0ABE100328960 /* iOSUtilsUITests.xctest */ = {isa = PBXFileReference; explicitFileType = wrapper.cfbundle; includeInIndex = 0; path = iOSUtilsUITests.xctest; sourceTree = BUILT_PRODUCTS_DIR; };
		1F5BBD2A1FA0ABE100328960 /* iOSUtilsUITests.swift */ = {isa = PBXFileReference; lastKnownFileType = sourcecode.swift; path = iOSUtilsUITests.swift; sourceTree = "<group>"; };
		1F5BBD2C1FA0ABE100328960 /* Info.plist */ = {isa = PBXFileReference; lastKnownFileType = text.plist.xml; path = Info.plist; sourceTree = "<group>"; };
		1F6F4F201FA1D8BD0089FC00 /* ViewController.swift */ = {isa = PBXFileReference; fileEncoding = 4; lastKnownFileType = sourcecode.swift; path = ViewController.swift; sourceTree = "<group>"; };
		1F6F4F211FA1D8BD0089FC00 /* Functions.swift */ = {isa = PBXFileReference; fileEncoding = 4; lastKnownFileType = sourcecode.swift; path = Functions.swift; sourceTree = "<group>"; };
		1F6F4F221FA1D8BD0089FC00 /* iOSUtils.h */ = {isa = PBXFileReference; fileEncoding = 4; lastKnownFileType = sourcecode.c.h; path = iOSUtils.h; sourceTree = "<group>"; };
		1F6F4F241FA1D8BD0089FC00 /* ColorUtils.swift */ = {isa = PBXFileReference; fileEncoding = 4; lastKnownFileType = sourcecode.swift; path = ColorUtils.swift; sourceTree = "<group>"; };
		1F6F4F251FA1D8BD0089FC00 /* Fetcher.swift */ = {isa = PBXFileReference; fileEncoding = 4; lastKnownFileType = sourcecode.swift; path = Fetcher.swift; sourceTree = "<group>"; };
		1F6F4F261FA1D8BD0089FC00 /* AppDelegate.swift */ = {isa = PBXFileReference; fileEncoding = 4; lastKnownFileType = sourcecode.swift; path = AppDelegate.swift; sourceTree = "<group>"; };
/* End PBXFileReference section */

/* Begin PBXFrameworksBuildPhase section */
		1F5BBD041FA0ABE100328960 /* Frameworks */ = {
			isa = PBXFrameworksBuildPhase;
			buildActionMask = 2147483647;
			files = (
			);
			runOnlyForDeploymentPostprocessing = 0;
		};
		1F5BBD181FA0ABE100328960 /* Frameworks */ = {
			isa = PBXFrameworksBuildPhase;
			buildActionMask = 2147483647;
			files = (
			);
			runOnlyForDeploymentPostprocessing = 0;
		};
		1F5BBD231FA0ABE100328960 /* Frameworks */ = {
			isa = PBXFrameworksBuildPhase;
			buildActionMask = 2147483647;
			files = (
			);
			runOnlyForDeploymentPostprocessing = 0;
		};
/* End PBXFrameworksBuildPhase section */

/* Begin PBXGroup section */
		1F5BBCFE1FA0ABE100328960 = {
			isa = PBXGroup;
			children = (
				1F5BBD091FA0ABE100328960 /* iOSUtils */,
				1F5BBD1E1FA0ABE100328960 /* iOSUtilsTests */,
				1F5BBD291FA0ABE100328960 /* iOSUtilsUITests */,
				1F5BBD081FA0ABE100328960 /* Products */,
			);
			sourceTree = "<group>";
		};
		1F5BBD081FA0ABE100328960 /* Products */ = {
			isa = PBXGroup;
			children = (
				1F5BBD071FA0ABE100328960 /* iOSUtils.app */,
				1F5BBD1B1FA0ABE100328960 /* iOSUtilsTests.xctest */,
				1F5BBD261FA0ABE100328960 /* iOSUtilsUITests.xctest */,
			);
			name = Products;
			sourceTree = "<group>";
		};
		1F5BBD091FA0ABE100328960 /* iOSUtils */ = {
			isa = PBXGroup;
			children = (
				1F6F4F261FA1D8BD0089FC00 /* AppDelegate.swift */,
				1F6F4F241FA1D8BD0089FC00 /* ColorUtils.swift */,
				1F6F4F251FA1D8BD0089FC00 /* Fetcher.swift */,
				1F6F4F211FA1D8BD0089FC00 /* Functions.swift */,
				1F6F4F221FA1D8BD0089FC00 /* iOSUtils.h */,
				1F6F4F201FA1D8BD0089FC00 /* ViewController.swift */,
				1F5BBD0A1FA0ABE100328960 /* AppDelegate.swift */,
				1F5BBD0C1FA0ABE100328960 /* ViewController.swift */,
				1F5BBD161FA0ABE100328960 /* Info.plist */,
			);
			path = iOSUtils;
			sourceTree = "<group>";
		};
		1F5BBD1E1FA0ABE100328960 /* iOSUtilsTests */ = {
			isa = PBXGroup;
			children = (
				1F5BBD1F1FA0ABE100328960 /* iOSUtilsTests.swift */,
				1F5BBD211FA0ABE100328960 /* Info.plist */,
			);
			path = iOSUtilsTests;
			sourceTree = "<group>";
		};
		1F5BBD291FA0ABE100328960 /* iOSUtilsUITests */ = {
			isa = PBXGroup;
			children = (
				1F5BBD2A1FA0ABE100328960 /* iOSUtilsUITests.swift */,
				1F5BBD2C1FA0ABE100328960 /* Info.plist */,
			);
			path = iOSUtilsUITests;
			sourceTree = "<group>";
		};
/* End PBXGroup section */

/* Begin PBXNativeTarget section */
		1F5BBD061FA0ABE100328960 /* iOSUtils */ = {
			isa = PBXNativeTarget;
			buildConfigurationList = 1F5BBD2F1FA0ABE100328960 /* Build configuration list for PBXNativeTarget "iOSUtils" */;
			buildPhases = (
				1F5BBD031FA0ABE100328960 /* Sources */,
				1F5BBD041FA0ABE100328960 /* Frameworks */,
				1F5BBD051FA0ABE100328960 /* Resources */,
			);
			buildRules = (
			);
			dependencies = (
			);
			name = iOSUtils;
			productName = iOSUtils;
			productReference = 1F5BBD071FA0ABE100328960 /* iOSUtils.app */;
			productType = "com.apple.product-type.application";
		};
		1F5BBD1A1FA0ABE100328960 /* iOSUtilsTests */ = {
			isa = PBXNativeTarget;
			buildConfigurationList = 1F5BBD321FA0ABE100328960 /* Build configuration list for PBXNativeTarget "iOSUtilsTests" */;
			buildPhases = (
				1F5BBD171FA0ABE100328960 /* Sources */,
				1F5BBD181FA0ABE100328960 /* Frameworks */,
				1F5BBD191FA0ABE100328960 /* Resources */,
			);
			buildRules = (
			);
			dependencies = (
				1F5BBD1D1FA0ABE100328960 /* PBXTargetDependency */,
			);
			name = iOSUtilsTests;
			productName = iOSUtilsTests;
			productReference = 1F5BBD1B1FA0ABE100328960 /* iOSUtilsTests.xctest */;
			productType = "com.apple.product-type.bundle.unit-test";
		};
		1F5BBD251FA0ABE100328960 /* iOSUtilsUITests */ = {
			isa = PBXNativeTarget;
			buildConfigurationList = 1F5BBD351FA0ABE100328960 /* Build configuration list for PBXNativeTarget "iOSUtilsUITests" */;
			buildPhases = (
				1F5BBD221FA0ABE100328960 /* Sources */,
				1F5BBD231FA0ABE100328960 /* Frameworks */,
				1F5BBD241FA0ABE100328960 /* Resources */,
			);
			buildRules = (
			);
			dependencies = (
				1F5BBD281FA0ABE100328960 /* PBXTargetDependency */,
			);
			name = iOSUtilsUITests;
			productName = iOSUtilsUITests;
			productReference = 1F5BBD261FA0ABE100328960 /* iOSUtilsUITests.xctest */;
			productType = "com.apple.product-type.bundle.ui-testing";
		};
/* End PBXNativeTarget section */

/* Begin PBXProject section */
		1F5BBCFF1FA0ABE100328960 /* Project object */ = {
			isa = PBXProject;
			attributes = {
				LastSwiftUpdateCheck = 0900;
				LastUpgradeCheck = 0900;
				ORGANIZATIONNAME = SeyyedMojtaba;
				TargetAttributes = {
					1F5BBD061FA0ABE100328960 = {
						CreatedOnToolsVersion = 9.0.1;
						ProvisioningStyle = Automatic;
					};
					1F5BBD1A1FA0ABE100328960 = {
						CreatedOnToolsVersion = 9.0.1;
						ProvisioningStyle = Automatic;
						TestTargetID = 1F5BBD061FA0ABE100328960;
					};
					1F5BBD251FA0ABE100328960 = {
						CreatedOnToolsVersion = 9.0.1;
						ProvisioningStyle = Automatic;
						TestTargetID = 1F5BBD061FA0ABE100328960;
					};
				};
			};
			buildConfigurationList = 1F5BBD021FA0ABE100328960 /* Build configuration list for PBXProject "iOSUtils" */;
			compatibilityVersion = "Xcode 8.0";
			developmentRegion = en;
			hasScannedForEncodings = 0;
			knownRegions = (
				en,
				Base,
			);
			mainGroup = 1F5BBCFE1FA0ABE100328960;
			productRefGroup = 1F5BBD081FA0ABE100328960 /* Products */;
			projectDirPath = "";
			projectRoot = "";
			targets = (
				1F5BBD061FA0ABE100328960 /* iOSUtils */,
				1F5BBD1A1FA0ABE100328960 /* iOSUtilsTests */,
				1F5BBD251FA0ABE100328960 /* iOSUtilsUITests */,
			);
		};
/* End PBXProject section */

/* Begin PBXResourcesBuildPhase section */
		1F5BBD051FA0ABE100328960 /* Resources */ = {
			isa = PBXResourcesBuildPhase;
			buildActionMask = 2147483647;
			files = (
			);
			runOnlyForDeploymentPostprocessing = 0;
		};
		1F5BBD191FA0ABE100328960 /* Resources */ = {
			isa = PBXResourcesBuildPhase;
			buildActionMask = 2147483647;
			files = (
			);
			runOnlyForDeploymentPostprocessing = 0;
		};
		1F5BBD241FA0ABE100328960 /* Resources */ = {
			isa = PBXResourcesBuildPhase;
			buildActionMask = 2147483647;
			files = (
			);
			runOnlyForDeploymentPostprocessing = 0;
		};
/* End PBXResourcesBuildPhase section */

/* Begin PBXSourcesBuildPhase section */
		1F5BBD031FA0ABE100328960 /* Sources */ = {
			isa = PBXSourcesBuildPhase;
			buildActionMask = 2147483647;
			files = (
				1F6F4F271FA1D8BD0089FC00 /* ViewController.swift in Sources */,
				1F6F4F2A1FA1D8BD0089FC00 /* ColorUtils.swift in Sources */,
				1F5BBD0D1FA0ABE100328960 /* ViewController.swift in Sources */,
				1F5BBD0B1FA0ABE100328960 /* AppDelegate.swift in Sources */,
				1F6F4F2C1FA1D8BD0089FC00 /* AppDelegate.swift in Sources */,
				1F6F4F281FA1D8BD0089FC00 /* Functions.swift in Sources */,
				1F6F4F2B1FA1D8BD0089FC00 /* Fetcher.swift in Sources */,
			);
			runOnlyForDeploymentPostprocessing = 0;
		};
		1F5BBD171FA0ABE100328960 /* Sources */ = {
			isa = PBXSourcesBuildPhase;
			buildActionMask = 2147483647;
			files = (
				1F5BBD201FA0ABE100328960 /* iOSUtilsTests.swift in Sources */,
			);
			runOnlyForDeploymentPostprocessing = 0;
		};
		1F5BBD221FA0ABE100328960 /* Sources */ = {
			isa = PBXSourcesBuildPhase;
			buildActionMask = 2147483647;
			files = (
				1F5BBD2B1FA0ABE100328960 /* iOSUtilsUITests.swift in Sources */,
			);
			runOnlyForDeploymentPostprocessing = 0;
		};
/* End PBXSourcesBuildPhase section */

/* Begin PBXTargetDependency section */
		1F5BBD1D1FA0ABE100328960 /* PBXTargetDependency */ = {
			isa = PBXTargetDependency;
			target = 1F5BBD061FA0ABE100328960 /* iOSUtils */;
			targetProxy = 1F5BBD1C1FA0ABE100328960 /* PBXContainerItemProxy */;
		};
		1F5BBD281FA0ABE100328960 /* PBXTargetDependency */ = {
			isa = PBXTargetDependency;
			target = 1F5BBD061FA0ABE100328960 /* iOSUtils */;
			targetProxy = 1F5BBD271FA0ABE100328960 /* PBXContainerItemProxy */;
		};
/* End PBXTargetDependency section */

/* Begin XCBuildConfiguration section */
		1F5BBD2D1FA0ABE100328960 /* Debug */ = {
			isa = XCBuildConfiguration;
			buildSettings = {
				ALWAYS_SEARCH_USER_PATHS = NO;
				CLANG_ANALYZER_NONNULL = YES;
				CLANG_ANALYZER_NUMBER_OBJECT_CONVERSION = YES_AGGRESSIVE;
				CLANG_CXX_LANGUAGE_STANDARD = "gnu++14";
				CLANG_CXX_LIBRARY = "libc++";
				CLANG_ENABLE_MODULES = YES;
				CLANG_ENABLE_OBJC_ARC = YES;
				CLANG_WARN_BLOCK_CAPTURE_AUTORELEASING = YES;
				CLANG_WARN_BOOL_CONVERSION = YES;
				CLANG_WARN_COMMA = YES;
				CLANG_WARN_CONSTANT_CONVERSION = YES;
				CLANG_WARN_DIRECT_OBJC_ISA_USAGE = YES_ERROR;
				CLANG_WARN_DOCUMENTATION_COMMENTS = YES;
				CLANG_WARN_EMPTY_BODY = YES;
				CLANG_WARN_ENUM_CONVERSION = YES;
				CLANG_WARN_INFINITE_RECURSION = YES;
				CLANG_WARN_INT_CONVERSION = YES;
				CLANG_WARN_NON_LITERAL_NULL_CONVERSION = YES;
				CLANG_WARN_OBJC_LITERAL_CONVERSION = YES;
				CLANG_WARN_OBJC_ROOT_CLASS = YES_ERROR;
				CLANG_WARN_RANGE_LOOP_ANALYSIS = YES;
				CLANG_WARN_STRICT_PROTOTYPES = YES;
				CLANG_WARN_SUSPICIOUS_MOVE = YES;
				CLANG_WARN_UNGUARDED_AVAILABILITY = YES_AGGRESSIVE;
				CLANG_WARN_UNREACHABLE_CODE = YES;
				CLANG_WARN__DUPLICATE_METHOD_MATCH = YES;
				CODE_SIGN_IDENTITY = "iPhone Developer";
				COPY_PHASE_STRIP = NO;
				DEBUG_INFORMATION_FORMAT = dwarf;
				ENABLE_STRICT_OBJC_MSGSEND = YES;
				ENABLE_TESTABILITY = YES;
				GCC_C_LANGUAGE_STANDARD = gnu11;
				GCC_DYNAMIC_NO_PIC = NO;
				GCC_NO_COMMON_BLOCKS = YES;
				GCC_OPTIMIZATION_LEVEL = 0;
				GCC_PREPROCESSOR_DEFINITIONS = (
					"DEBUG=1",
					"$(inherited)",
				);
				GCC_WARN_64_TO_32_BIT_CONVERSION = YES;
				GCC_WARN_ABOUT_RETURN_TYPE = YES_ERROR;
				GCC_WARN_UNDECLARED_SELECTOR = YES;
				GCC_WARN_UNINITIALIZED_AUTOS = YES_AGGRESSIVE;
				GCC_WARN_UNUSED_FUNCTION = YES;
				GCC_WARN_UNUSED_VARIABLE = YES;
				IPHONEOS_DEPLOYMENT_TARGET = 11.0;
				MTL_ENABLE_DEBUG_INFO = YES;
				ONLY_ACTIVE_ARCH = YES;
				SDKROOT = iphoneos;
				SWIFT_ACTIVE_COMPILATION_CONDITIONS = DEBUG;
				SWIFT_OPTIMIZATION_LEVEL = "-Onone";
			};
			name = Debug;
		};
		1F5BBD2E1FA0ABE100328960 /* Release */ = {
			isa = XCBuildConfiguration;
			buildSettings = {
				ALWAYS_SEARCH_USER_PATHS = NO;
				CLANG_ANALYZER_NONNULL = YES;
				CLANG_ANALYZER_NUMBER_OBJECT_CONVERSION = YES_AGGRESSIVE;
				CLANG_CXX_LANGUAGE_STANDARD = "gnu++14";
				CLANG_CXX_LIBRARY = "libc++";
				CLANG_ENABLE_MODULES = YES;
				CLANG_ENABLE_OBJC_ARC = YES;
				CLANG_WARN_BLOCK_CAPTURE_AUTORELEASING = YES;
				CLANG_WARN_BOOL_CONVERSION = YES;
				CLANG_WARN_COMMA = YES;
				CLANG_WARN_CONSTANT_CONVERSION = YES;
				CLANG_WARN_DIRECT_OBJC_ISA_USAGE = YES_ERROR;
				CLANG_WARN_DOCUMENTATION_COMMENTS = YES;
				CLANG_WARN_EMPTY_BODY = YES;
				CLANG_WARN_ENUM_CONVERSION = YES;
				CLANG_WARN_INFINITE_RECURSION = YES;
				CLANG_WARN_INT_CONVERSION = YES;
				CLANG_WARN_NON_LITERAL_NULL_CONVERSION = YES;
				CLANG_WARN_OBJC_LITERAL_CONVERSION = YES;
				CLANG_WARN_OBJC_ROOT_CLASS = YES_ERROR;
				CLANG_WARN_RANGE_LOOP_ANALYSIS = YES;
				CLANG_WARN_STRICT_PROTOTYPES = YES;
				CLANG_WARN_SUSPICIOUS_MOVE = YES;
				CLANG_WARN_UNGUARDED_AVAILABILITY = YES_AGGRESSIVE;
				CLANG_WARN_UNREACHABLE_CODE = YES;
				CLANG_WARN__DUPLICATE_METHOD_MATCH = YES;
				CODE_SIGN_IDENTITY = "iPhone Developer";
				COPY_PHASE_STRIP = NO;
				DEBUG_INFORMATION_FORMAT = "dwarf-with-dsym";
				ENABLE_NS_ASSERTIONS = NO;
				ENABLE_STRICT_OBJC_MSGSEND = YES;
				GCC_C_LANGUAGE_STANDARD = gnu11;
				GCC_NO_COMMON_BLOCKS = YES;
				GCC_WARN_64_TO_32_BIT_CONVERSION = YES;
				GCC_WARN_ABOUT_RETURN_TYPE = YES_ERROR;
				GCC_WARN_UNDECLARED_SELECTOR = YES;
				GCC_WARN_UNINITIALIZED_AUTOS = YES_AGGRESSIVE;
				GCC_WARN_UNUSED_FUNCTION = YES;
				GCC_WARN_UNUSED_VARIABLE = YES;
				IPHONEOS_DEPLOYMENT_TARGET = 11.0;
				MTL_ENABLE_DEBUG_INFO = NO;
				SDKROOT = iphoneos;
				SWIFT_OPTIMIZATION_LEVEL = "-Owholemodule";
				VALIDATE_PRODUCT = YES;
			};
			name = Release;
		};
		1F5BBD301FA0ABE100328960 /* Debug */ = {
			isa = XCBuildConfiguration;
			buildSettings = {
				CODE_SIGN_STYLE = Automatic;
				INFOPLIST_FILE = iOSUtils/Info.plist;
				LD_RUNPATH_SEARCH_PATHS = "$(inherited) @executable_path/Frameworks";
				PRODUCT_BUNDLE_IDENTIFIER = com.github.seyyedmojtaba72.iOSUtils;
				PRODUCT_NAME = "$(TARGET_NAME)";
				SWIFT_VERSION = 4.0;
				TARGETED_DEVICE_FAMILY = "1,2";
			};
			name = Debug;
		};
		1F5BBD311FA0ABE100328960 /* Release */ = {
			isa = XCBuildConfiguration;
			buildSettings = {
				CODE_SIGN_STYLE = Automatic;
				INFOPLIST_FILE = iOSUtils/Info.plist;
				LD_RUNPATH_SEARCH_PATHS = "$(inherited) @executable_path/Frameworks";
				PRODUCT_BUNDLE_IDENTIFIER = com.github.seyyedmojtaba72.iOSUtils;
				PRODUCT_NAME = "$(TARGET_NAME)";
				SWIFT_VERSION = 4.0;
				TARGETED_DEVICE_FAMILY = "1,2";
			};
			name = Release;
		};
		1F5BBD331FA0ABE100328960 /* Debug */ = {
			isa = XCBuildConfiguration;
			buildSettings = {
				ALWAYS_EMBED_SWIFT_STANDARD_LIBRARIES = YES;
				BUNDLE_LOADER = "$(TEST_HOST)";
				CODE_SIGN_STYLE = Automatic;
				INFOPLIST_FILE = iOSUtilsTests/Info.plist;
				LD_RUNPATH_SEARCH_PATHS = "$(inherited) @executable_path/Frameworks @loader_path/Frameworks";
				PRODUCT_BUNDLE_IDENTIFIER = com.github.seyyedmojtaba72.iOSUtilsTests;
				PRODUCT_NAME = "$(TARGET_NAME)";
				SWIFT_VERSION = 4.0;
				TARGETED_DEVICE_FAMILY = "1,2";
				TEST_HOST = "$(BUILT_PRODUCTS_DIR)/iOSUtils.app/iOSUtils";
			};
			name = Debug;
		};
		1F5BBD341FA0ABE100328960 /* Release */ = {
			isa = XCBuildConfiguration;
			buildSettings = {
				ALWAYS_EMBED_SWIFT_STANDARD_LIBRARIES = YES;
				BUNDLE_LOADER = "$(TEST_HOST)";
				CODE_SIGN_STYLE = Automatic;
				INFOPLIST_FILE = iOSUtilsTests/Info.plist;
				LD_RUNPATH_SEARCH_PATHS = "$(inherited) @executable_path/Frameworks @loader_path/Frameworks";
				PRODUCT_BUNDLE_IDENTIFIER = com.github.seyyedmojtaba72.iOSUtilsTests;
				PRODUCT_NAME = "$(TARGET_NAME)";
				SWIFT_VERSION = 4.0;
				TARGETED_DEVICE_FAMILY = "1,2";
				TEST_HOST = "$(BUILT_PRODUCTS_DIR)/iOSUtils.app/iOSUtils";
			};
			name = Release;
		};
		1F5BBD361FA0ABE100328960 /* Debug */ = {
			isa = XCBuildConfiguration;
			buildSettings = {
				ALWAYS_EMBED_SWIFT_STANDARD_LIBRARIES = YES;
				CODE_SIGN_STYLE = Automatic;
				INFOPLIST_FILE = iOSUtilsUITests/Info.plist;
				LD_RUNPATH_SEARCH_PATHS = "$(inherited) @executable_path/Frameworks @loader_path/Frameworks";
				PRODUCT_BUNDLE_IDENTIFIER = com.github.seyyedmojtaba72.iOSUtilsUITests;
				PRODUCT_NAME = "$(TARGET_NAME)";
				SWIFT_VERSION = 4.0;
				TARGETED_DEVICE_FAMILY = "1,2";
				TEST_TARGET_NAME = iOSUtils;
			};
			name = Debug;
		};
		1F5BBD371FA0ABE100328960 /* Release */ = {
			isa = XCBuildConfiguration;
			buildSettings = {
				ALWAYS_EMBED_SWIFT_STANDARD_LIBRARIES = YES;
				CODE_SIGN_STYLE = Automatic;
				INFOPLIST_FILE = iOSUtilsUITests/Info.plist;
				LD_RUNPATH_SEARCH_PATHS = "$(inherited) @executable_path/Frameworks @loader_path/Frameworks";
				PRODUCT_BUNDLE_IDENTIFIER = com.github.seyyedmojtaba72.iOSUtilsUITests;
				PRODUCT_NAME = "$(TARGET_NAME)";
				SWIFT_VERSION = 4.0;
				TARGETED_DEVICE_FAMILY = "1,2";
				TEST_TARGET_NAME = iOSUtils;
			};
			name = Release;
		};
/* End XCBuildConfiguration section */

/* Begin XCConfigurationList section */
		1F5BBD021FA0ABE100328960 /* Build configuration list for PBXProject "iOSUtils" */ = {
			isa = XCConfigurationList;
			buildConfigurations = (
				1F5BBD2D1FA0ABE100328960 /* Debug */,
				1F5BBD2E1FA0ABE100328960 /* Release */,
			);
			defaultConfigurationIsVisible = 0;
			defaultConfigurationName = Release;
		};
		1F5BBD2F1FA0ABE100328960 /* Build configuration list for PBXNativeTarget "iOSUtils" */ = {
			isa = XCConfigurationList;
			buildConfigurations = (
				1F5BBD301FA0ABE100328960 /* Debug */,
				1F5BBD311FA0ABE100328960 /* Release */,
			);
			defaultConfigurationIsVisible = 0;
			defaultConfigurationName = Release;
		};
		1F5BBD321FA0ABE100328960 /* Build configuration list for PBXNativeTarget "iOSUtilsTests" */ = {
			isa = XCConfigurationList;
			buildConfigurations = (
				1F5BBD331FA0ABE100328960 /* Debug */,
				1F5BBD341FA0ABE100328960 /* Release */,
			);
			defaultConfigurationIsVisible = 0;
			defaultConfigurationName = Release;
		};
		1F5BBD351FA0ABE100328960 /* Build configuration list for PBXNativeTarget "iOSUtilsUITests" */ = {
			isa = XCConfigurationList;
			buildConfigurations = (
				1F5BBD361FA0ABE100328960 /* Debug */,
				1F5BBD371FA0ABE100328960 /* Release */,
			);
			defaultConfigurationIsVisible = 0;
			defaultConfigurationName = Release;
		};
/* End XCConfigurationList section */
	};
	rootObject = 1F5BBCFF1FA0ABE100328960 /* Project object */;
}
